// !$*UTF8*$!
{
	archiveVersion = 1;
	classes = {
	};
	objectVersion = 50;
	objects = {

/* Begin PBXBuildFile section */
		C74C0CF8222B0D6F004F8DC7 /* AppDelegate.swift in Sources */ = {isa = PBXBuildFile; fileRef = C74C0CF7222B0D6F004F8DC7 /* AppDelegate.swift */; };
		C74C0CFA222B0D6F004F8DC7 /* ViewController.swift in Sources */ = {isa = PBXBuildFile; fileRef = C74C0CF9222B0D6F004F8DC7 /* ViewController.swift */; };
		C74C0CFD222B0D6F004F8DC7 /* Main.storyboard in Resources */ = {isa = PBXBuildFile; fileRef = C74C0CFB222B0D6F004F8DC7 /* Main.storyboard */; };
		C74C0CFF222B0D72004F8DC7 /* Assets.xcassets in Resources */ = {isa = PBXBuildFile; fileRef = C74C0CFE222B0D72004F8DC7 /* Assets.xcassets */; };
		C74C0D02222B0D72004F8DC7 /* LaunchScreen.storyboard in Resources */ = {isa = PBXBuildFile; fileRef = C74C0D00222B0D72004F8DC7 /* LaunchScreen.storyboard */; };
/* End PBXBuildFile section */

/* Begin PBXFileReference section */
		C74C0CF4222B0D6F004F8DC7 /* StayAlive.app */ = {isa = PBXFileReference; explicitFileType = wrapper.application; includeInIndex = 0; path = StayAlive.app; sourceTree = BUILT_PRODUCTS_DIR; };
		C74C0CF7222B0D6F004F8DC7 /* AppDelegate.swift */ = {isa = PBXFileReference; lastKnownFileType = sourcecode.swift; path = AppDelegate.swift; sourceTree = "<group>"; };
		C74C0CF9222B0D6F004F8DC7 /* ViewController.swift */ = {isa = PBXFileReference; lastKnownFileType = sourcecode.swift; path = ViewController.swift; sourceTree = "<group>"; };
		C74C0CFC222B0D6F004F8DC7 /* Base */ = {isa = PBXFileReference; lastKnownFileType = file.storyboard; name = Base; path = Base.lproj/Main.storyboard; sourceTree = "<group>"; };
		C74C0CFE222B0D72004F8DC7 /* Assets.xcassets */ = {isa = PBXFileReference; lastKnownFileType = folder.assetcatalog; path = Assets.xcassets; sourceTree = "<group>"; };
		C74C0D01222B0D72004F8DC7 /* Base */ = {isa = PBXFileReference; lastKnownFileType = file.storyboard; name = Base; path = Base.lproj/LaunchScreen.storyboard; sourceTree = "<group>"; };
		C74C0D03222B0D72004F8DC7 /* Info.plist */ = {isa = PBXFileReference; lastKnownFileType = text.plist.xml; path = Info.plist; sourceTree = "<group>"; };
/* End PBXFileReference section */

/* Begin PBXFrameworksBuildPhase section */
		C74C0CF1222B0D6F004F8DC7 /* Frameworks */ = {
			isa = PBXFrameworksBuildPhase;
			buildActionMask = 2147483647;
			files = (
			);
			runOnlyForDeploymentPostprocessing = 0;
		};
/* End PBXFrameworksBuildPhase section */

/* Begin PBXGroup section */
		C74C0CEB222B0D6F004F8DC7 = {
			isa = PBXGroup;
			children = (
				C74C0CF6222B0D6F004F8DC7 /* StayAlive */,
				C74C0CF5222B0D6F004F8DC7 /* Products */,
			);
			sourceTree = "<group>";
		};
		C74C0CF5222B0D6F004F8DC7 /* Products */ = {
			isa = PBXGroup;
			children = (
				C74C0CF4222B0D6F004F8DC7 /* StayAlive.app */,
			);
			name = Products;
			sourceTree = "<group>";
		};
		C74C0CF6222B0D6F004F8DC7 /* StayAlive */ = {
			isa = PBXGroup;
			children = (
				C74C0CF7222B0D6F004F8DC7 /* AppDelegate.swift */,
				C74C0CF9222B0D6F004F8DC7 /* ViewController.swift */,
				C74C0CFB222B0D6F004F8DC7 /* Main.storyboard */,
				C74C0CFE222B0D72004F8DC7 /* Assets.xcassets */,
				C74C0D00222B0D72004F8DC7 /* LaunchScreen.storyboard */,
				C74C0D03222B0D72004F8DC7 /* Info.plist */,
			);
			path = StayAlive;
			sourceTree = "<group>";
		};
/* End PBXGroup section */

/* Begin PBXNativeTarget section */
		C74C0CF3222B0D6F004F8DC7 /* StayAlive */ = {
			isa = PBXNativeTarget;
			buildConfigurationList = C74C0D06222B0D72004F8DC7 /* Build configuration list for PBXNativeTarget "StayAlive" */;
			buildPhases = (
				C74C0CF0222B0D6F004F8DC7 /* Sources */,
				C74C0CF1222B0D6F004F8DC7 /* Frameworks */,
				C74C0CF2222B0D6F004F8DC7 /* Resources */,
			);
			buildRules = (
			);
			dependencies = (
			);
			name = StayAlive;
			productName = StayAlive;
			productReference = C74C0CF4222B0D6F004F8DC7 /* StayAlive.app */;
			productType = "com.apple.product-type.application";
		};
/* End PBXNativeTarget section */

/* Begin PBXProject section */
		C74C0CEC222B0D6F004F8DC7 /* Project object */ = {
			isa = PBXProject;
			attributes = {
				LastSwiftUpdateCheck = 1010;
				LastUpgradeCheck = 1010;
				ORGANIZATIONNAME = "Kyle Fenole";
				TargetAttributes = {
					C74C0CF3222B0D6F004F8DC7 = {
						CreatedOnToolsVersion = 10.1;
					};
				};
			};
			buildConfigurationList = C74C0CEF222B0D6F004F8DC7 /* Build configuration list for PBXProject "StayAlive" */;
			compatibilityVersion = "Xcode 9.3";
			developmentRegion = en;
			hasScannedForEncodings = 0;
			knownRegions = (
				en,
				Base,
			);
			mainGroup = C74C0CEB222B0D6F004F8DC7;
			productRefGroup = C74C0CF5222B0D6F004F8DC7 /* Products */;
			projectDirPath = "";
			projectRoot = "";
			targets = (
				C74C0CF3222B0D6F004F8DC7 /* StayAlive */,
			);
		};
/* End PBXProject section */

/* Begin PBXResourcesBuildPhase section */
		C74C0CF2222B0D6F004F8DC7 /* Resources */ = {
			isa = PBXResourcesBuildPhase;
			buildActionMask = 2147483647;
			files = (
				C74C0D02222B0D72004F8DC7 /* LaunchScreen.storyboard in Resources */,
				C74C0CFF222B0D72004F8DC7 /* Assets.xcassets in Resources */,
				C74C0CFD222B0D6F004F8DC7 /* Main.storyboard in Resources */,
			);
			runOnlyForDeploymentPostprocessing = 0;
		};
/* End PBXResourcesBuildPhase section */

/* Begin PBXSourcesBuildPhase section */
		C74C0CF0222B0D6F004F8DC7 /* Sources */ = {
			isa = PBXSourcesBuildPhase;
			buildActionMask = 2147483647;
			files = (
				C74C0CFA222B0D6F004F8DC7 /* ViewController.swift in Sources */,
				C74C0CF8222B0D6F004F8DC7 /* AppDelegate.swift in Sources */,
			);
			runOnlyForDeploymentPostprocessing = 0;
		};
/* End PBXSourcesBuildPhase section */

/* Begin PBXVariantGroup section */
		C74C0CFB222B0D6F004F8DC7 /* Main.storyboard */ = {
			isa = PBXVariantGroup;
			children = (
				C74C0CFC222B0D6F004F8DC7 /* Base */,
			);
			name = Main.storyboard;
			sourceTree = "<group>";
		};
		C74C0D00222B0D72004F8DC7 /* LaunchScreen.storyboard */ = {
			isa = PBXVariantGroup;
			children = (
				C74C0D01222B0D72004F8DC7 /* Base */,
			);
			name = LaunchScreen.storyboard;
			sourceTree = "<group>";
		};
/* End PBXVariantGroup section */

/* Begin XCBuildConfiguration section */
		C74C0D04222B0D72004F8DC7 /* Debug */ = {
			isa = XCBuildConfiguration;
			buildSettings = {
				ALWAYS_SEARCH_USER_PATHS = NO;
				CLANG_ANALYZER_NONNULL = YES;
				CLANG_ANALYZER_NUMBER_OBJECT_CONVERSION = YES_AGGRESSIVE;
				CLANG_CXX_LANGUAGE_STANDARD = "gnu++14";
				CLANG_CXX_LIBRARY = "libc++";
				CLANG_ENABLE_MODULES = YES;
				CLANG_ENABLE_OBJC_ARC = YES;
				CLANG_ENABLE_OBJC_WEAK = YES;
				CLANG_WARN_BLOCK_CAPTURE_AUTORELEASING = YES;
				CLANG_WARN_BOOL_CONVERSION = YES;
				CLANG_WARN_COMMA = YES;
				CLANG_WARN_CONSTANT_CONVERSION = YES;
				CLANG_WARN_DEPRECATED_OBJC_IMPLEMENTATIONS = YES;
				CLANG_WARN_DIRECT_OBJC_ISA_USAGE = YES_ERROR;
				CLANG_WARN_DOCUMENTATION_COMMENTS = YES;
				CLANG_WARN_EMPTY_BODY = YES;
				CLANG_WARN_ENUM_CONVERSION = YES;
				CLANG_WARN_INFINITE_RECURSION = YES;
				CLANG_WARN_INT_CONVERSION = YES;
				CLANG_WARN_NON_LITERAL_NULL_CONVERSION = YES;
				CLANG_WARN_OBJC_IMPLICIT_RETAIN_SELF = YES;
				CLANG_WARN_OBJC_LITERAL_CONVERSION = YES;
				CLANG_WARN_OBJC_ROOT_CLASS = YES_ERROR;
				CLANG_WARN_RANGE_LOOP_ANALYSIS = YES;
				CLANG_WARN_STRICT_PROTOTYPES = YES;
				CLANG_WARN_SUSPICIOUS_MOVE = YES;
				CLANG_WARN_UNGUARDED_AVAILABILITY = YES_AGGRESSIVE;
				CLANG_WARN_UNREACHABLE_CODE = YES;
				CLANG_WARN__DUPLICATE_METHOD_MATCH = YES;
				CODE_SIGN_IDENTITY = "iPhone Developer";
				COPY_PHASE_STRIP = NO;
				DEBUG_INFORMATION_FORMAT = dwarf;
				ENABLE_STRICT_OBJC_MSGSEND = YES;
				ENABLE_TESTABILITY = YES;
				GCC_C_LANGUAGE_STANDARD = gnu11;
				GCC_DYNAMIC_NO_PIC = NO;
				GCC_NO_COMMON_BLOCKS = YES;
				GCC_OPTIMIZATION_LEVEL = 0;
				GCC_PREPROCESSOR_DEFINITIONS = (
					"DEBUG=1",
					"$(inherited)",
				);
				GCC_WARN_64_TO_32_BIT_CONVERSION = YES;
				GCC_WARN_ABOUT_RETURN_TYPE = YES_ERROR;
				GCC_WARN_UNDECLARED_SELECTOR = YES;
				GCC_WARN_UNINITIALIZED_AUTOS = YES_AGGRESSIVE;
				GCC_WARN_UNUSED_FUNCTION = YES;
				GCC_WARN_UNUSED_VARIABLE = YES;
				IPHONEOS_DEPLOYMENT_TARGET = 12.1;
				MTL_ENABLE_DEBUG_INFO = INCLUDE_SOURCE;
				MTL_FAST_MATH = YES;
				ONLY_ACTIVE_ARCH = YES;
				SDKROOT = iphoneos;
				SWIFT_ACTIVE_COMPILATION_CONDITIONS = DEBUG;
				SWIFT_OPTIMIZATION_LEVEL = "-Onone";
			};
			name = Debug;
		};
		C74C0D05222B0D72004F8DC7 /* Release */ = {
			isa = XCBuildConfiguration;
			buildSettings = {
				ALWAYS_SEARCH_USER_PATHS = NO;
				CLANG_ANALYZER_NONNULL = YES;
				CLANG_ANALYZER_NUMBER_OBJECT_CONVERSION = YES_AGGRESSIVE;
				CLANG_CXX_LANGUAGE_STANDARD = "gnu++14";
				CLANG_CXX_LIBRARY = "libc++";
				CLANG_ENABLE_MODULES = YES;
				CLANG_ENABLE_OBJC_ARC = YES;
				CLANG_ENABLE_OBJC_WEAK = YES;
				CLANG_WARN_BLOCK_CAPTURE_AUTORELEASING = YES;
				CLANG_WARN_BOOL_CONVERSION = YES;
				CLANG_WARN_COMMA = YES;
				CLANG_WARN_CONSTANT_CONVERSION = YES;
				CLANG_WARN_DEPRECATED_OBJC_IMPLEMENTATIONS = YES;
				CLANG_WARN_DIRECT_OBJC_ISA_USAGE = YES_ERROR;
				CLANG_WARN_DOCUMENTATION_COMMENTS = YES;
				CLANG_WARN_EMPTY_BODY = YES;
				CLANG_WARN_ENUM_CONVERSION = YES;
				CLANG_WARN_INFINITE_RECURSION = YES;
				CLANG_WARN_INT_CONVERSION = YES;
				CLANG_WARN_NON_LITERAL_NULL_CONVERSION = YES;
				CLANG_WARN_OBJC_IMPLICIT_RETAIN_SELF = YES;
				CLANG_WARN_OBJC_LITERAL_CONVERSION = YES;
				CLANG_WARN_OBJC_ROOT_CLASS = YES_ERROR;
				CLANG_WARN_RANGE_LOOP_ANALYSIS = YES;
				CLANG_WARN_STRICT_PROTOTYPES = YES;
				CLANG_WARN_SUSPICIOUS_MOVE = YES;
				CLANG_WARN_UNGUARDED_AVAILABILITY = YES_AGGRESSIVE;
				CLANG_WARN_UNREACHABLE_CODE = YES;
				CLANG_WARN__DUPLICATE_METHOD_MATCH = YES;
				CODE_SIGN_IDENTITY = "iPhone Developer";
				COPY_PHASE_STRIP = NO;
				DEBUG_INFORMATION_FORMAT = "dwarf-with-dsym";
				ENABLE_NS_ASSERTIONS = NO;
				ENABLE_STRICT_OBJC_MSGSEND = YES;
				GCC_C_LANGUAGE_STANDARD = gnu11;
				GCC_NO_COMMON_BLOCKS = YES;
				GCC_WARN_64_TO_32_BIT_CONVERSION = YES;
				GCC_WARN_ABOUT_RETURN_TYPE = YES_ERROR;
				GCC_WARN_UNDECLARED_SELECTOR = YES;
				GCC_WARN_UNINITIALIZED_AUTOS = YES_AGGRESSIVE;
				GCC_WARN_UNUSED_FUNCTION = YES;
				GCC_WARN_UNUSED_VARIABLE = YES;
				IPHONEOS_DEPLOYMENT_TARGET = 12.1;
				MTL_ENABLE_DEBUG_INFO = NO;
				MTL_FAST_MATH = YES;
				SDKROOT = iphoneos;
				SWIFT_COMPILATION_MODE = wholemodule;
				SWIFT_OPTIMIZATION_LEVEL = "-O";
				VALIDATE_PRODUCT = YES;
			};
			name = Release;
		};
		C74C0D07222B0D72004F8DC7 /* Debug */ = {
			isa = XCBuildConfiguration;
			buildSettings = {
				ASSETCATALOG_COMPILER_APPICON_NAME = AppIcon;
				CODE_SIGN_STYLE = Automatic;
				DEVELOPMENT_TEAM = NG2M8H2Q53;
				INFOPLIST_FILE = StayAlive/Info.plist;
				LD_RUNPATH_SEARCH_PATHS = (
					"$(inherited)",
					"@executable_path/Frameworks",
				);
				PRODUCT_BUNDLE_IDENTIFIER = com.kfenole.StayAlive;
				PRODUCT_NAME = "$(TARGET_NAME)";
				SWIFT_VERSION = 4.2;
				TARGETED_DEVICE_FAMILY = "1,2";
			};
			name = Debug;
		};
		C74C0D08222B0D72004F8DC7 /* Release */ = {
			isa = XCBuildConfiguration;
			buildSettings = {
				ASSETCATALOG_COMPILER_APPICON_NAME = AppIcon;
				CODE_SIGN_STYLE = Automatic;
				DEVELOPMENT_TEAM = NG2M8H2Q53;
				INFOPLIST_FILE = StayAlive/Info.plist;
				LD_RUNPATH_SEARCH_PATHS = (
					"$(inherited)",
					"@executable_path/Frameworks",
				);
				PRODUCT_BUNDLE_IDENTIFIER = com.kfenole.StayAlive;
				PRODUCT_NAME = "$(TARGET_NAME)";
				SWIFT_VERSION = 4.2;
				TARGETED_DEVICE_FAMILY = "1,2";
			};
			name = Release;
		};
/* End XCBuildConfiguration section */

/* Begin XCConfigurationList section */
		C74C0CEF222B0D6F004F8DC7 /* Build configuration list for PBXProject "StayAlive" */ = {
			isa = XCConfigurationList;
			buildConfigurations = (
				C74C0D04222B0D72004F8DC7 /* Debug */,
				C74C0D05222B0D72004F8DC7 /* Release */,
			);
			defaultConfigurationIsVisible = 0;
			defaultConfigurationName = Release;
		};
		C74C0D06222B0D72004F8DC7 /* Build configuration list for PBXNativeTarget "StayAlive" */ = {
			isa = XCConfigurationList;
			buildConfigurations = (
				C74C0D07222B0D72004F8DC7 /* Debug */,
				C74C0D08222B0D72004F8DC7 /* Release */,
			);
			defaultConfigurationIsVisible = 0;
			defaultConfigurationName = Release;
		};
/* End XCConfigurationList section */
	};
	rootObject = C74C0CEC222B0D6F004F8DC7 /* Project object */;
}
